
Microsoft Visual Studio Solution File, Format Version 12.00
# Visual Studio Version 17
VisualStudioVersion = 17.6.33829.357
MinimumVisualStudioVersion = 10.0.40219.1
Project("{FAE04EC0-301F-11D3-BF4B-00C04F79EFBC}") = "VN Highschool Exam", "VN Highschool Exam.csproj", "{84344CAA-BD24-4E9D-A356-159D2DFCBBF2}"
EndProject
Project("{FAE04EC0-301F-11D3-BF4B-00C04F79EFBC}") = "BusinessObject", "..\BusinessObject1\BusinessObject.csproj", "{EEA44FC6-8E84-40C7-8D32-653A3F7E559D}"
EndProject
Project("{FAE04EC0-301F-11D3-BF4B-00C04F79EFBC}") = "DataAccessObject", "..\DataAccess\DataAccessObject.csproj", "{3F649693-2A50-4D89-AD0A-06D213FD4D83}"
EndProject
Project("{FAE04EC0-301F-11D3-BF4B-00C04F79EFBC}") = "Repositories", "..\Repositories1\Repositories.csproj", "{77249C2C-651C-48CF-97CC-6E8BF2ABB941}"
EndProject
Global
	GlobalSection(SolutionConfigurationPlatforms) = preSolution
		Debug|Any CPU = Debug|Any CPU
		Release|Any CPU = Release|Any CPU
	EndGlobalSection
	GlobalSection(ProjectConfigurationPlatforms) = postSolution
		{84344CAA-BD24-4E9D-A356-159D2DFCBBF2}.Debug|Any CPU.ActiveCfg = Debug|Any CPU
		{84344CAA-BD24-4E9D-A356-159D2DFCBBF2}.Debug|Any CPU.Build.0 = Debug|Any CPU
		{84344CAA-BD24-4E9D-A356-159D2DFCBBF2}.Release|Any CPU.ActiveCfg = Release|Any CPU
		{84344CAA-BD24-4E9D-A356-159D2DFCBBF2}.Release|Any CPU.Build.0 = Release|Any CPU
		{EEA44FC6-8E84-40C7-8D32-653A3F7E559D}.Debug|Any CPU.ActiveCfg = Debug|Any CPU
		{EEA44FC6-8E84-40C7-8D32-653A3F7E559D}.Debug|Any CPU.Build.0 = Debug|Any CPU
		{EEA44FC6-8E84-40C7-8D32-653A3F7E559D}.Release|Any CPU.ActiveCfg = Release|Any CPU
		{EEA44FC6-8E84-40C7-8D32-653A3F7E559D}.Release|Any CPU.Build.0 = Release|Any CPU
		{3F649693-2A50-4D89-AD0A-06D213FD4D83}.Debug|Any CPU.ActiveCfg = Debug|Any CPU
		{3F649693-2A50-4D89-AD0A-06D213FD4D83}.Debug|Any CPU.Build.0 = Debug|Any CPU
		{3F649693-2A50-4D89-AD0A-06D213FD4D83}.Release|Any CPU.ActiveCfg = Release|Any CPU
		{3F649693-2A50-4D89-AD0A-06D213FD4D83}.Release|Any CPU.Build.0 = Release|Any CPU
		{77249C2C-651C-48CF-97CC-6E8BF2ABB941}.Debug|Any CPU.ActiveCfg = Debug|Any CPU
		{77249C2C-651C-48CF-97CC-6E8BF2ABB941}.Debug|Any CPU.Build.0 = Debug|Any CPU
		{77249C2C-651C-48CF-97CC-6E8BF2ABB941}.Release|Any CPU.ActiveCfg = Release|Any CPU
		{77249C2C-651C-48CF-97CC-6E8BF2ABB941}.Release|Any CPU.Build.0 = Release|Any CPU
	EndGlobalSection
	GlobalSection(SolutionProperties) = preSolution
		HideSolutionNode = FALSE
	EndGlobalSection
	GlobalSection(ExtensibilityGlobals) = postSolution
		SolutionGuid = {890AC564-045D-4C8B-ABAA-ED02C094B9D3}
	EndGlobalSection
EndGlobal
